// !$*UTF8*$!
{
archiveVersion = 1;
classes = {};
objectVersion = 56;
objects = {
07CA1E69F6068DEA30A4DA6B = { isa = XCBuildConfiguration; buildSettings = { SDKROOT = iphoneos; CLANG_ENABLE_MODULES = YES; CLANG_ENABLE_OBJC_ARC = YES; }; name = Release; };
0A3E27B8CA818264D75C8D81 = { isa = PBXGroup; children = (8F330214D780B99638F3B9E8, F1515FD9ED9050E9D02183BB,); name = Products; sourceTree = "<group>"; };
0CB836DED2FE46ACBF94DCB7 = { isa = PBXBuildFile; fileRef = 68B62ED82A4EF8E7F7B3CB8D; };
0D6E4079E36703EBD37C0072 = { isa = PBXGroup; children = (DB9FF29243D6D004CA5F8ED1, 1FD08B9F01A1FE1E87E08E07, 0A3E27B8CA818264D75C8D81,); sourceTree = "<group>"; };
15A67AE582784D029FF46BB6 = { isa = PBXSourcesBuildPhase; buildActionMask = 2147483647; files = (B6F58D93BFD57467F1A236ED,); runOnlyForDeploymentPostprocessing = 0; };
17C62F9FDF300A54C44FD926 = { isa = PBXFrameworksBuildPhase; buildActionMask = 2147483647; files = (); runOnlyForDeploymentPostprocessing = 0; };
193C3BFE701ED407B93ACDE2 = { isa = PBXFileReference; lastKnownFileType = sourcecode.swift; path = "StayWeb/BrowserPolicy.swift"; sourceTree = SOURCE_ROOT; };
1E366BDE35DC75686B6F182A = { isa = PBXResourcesBuildPhase; buildActionMask = 2147483647; files = (0CB836DED2FE46ACBF94DCB7, 3D15C7D880E83B1A69FDF94F,); runOnlyForDeploymentPostprocessing = 0; };
1FD08B9F01A1FE1E87E08E07 = { isa = PBXGroup; children = (31823F6982002E08AA69176C,); name = "StayWebTests"; sourceTree = "<group>"; };
244210E48437B6556980A702 = { isa = PBXProject; attributes = { LastUpgradeCheck = 1640; BuildIndependentTargetsInParallel = YES; }; buildConfigurationList = F905B102B4F13BD6617D8EB3; compatibilityVersion = "Xcode 14.0"; developmentRegion = en; hasScannedForEncodings = 0; knownRegions = (en, Base); mainGroup = 0D6E4079E36703EBD37C0072; productRefGroup = 0A3E27B8CA818264D75C8D81; projectDirPath = ""; projectRoot = ""; targets = (F901A9C515053C3C3952E89E, 7F267542B463BFAE4D95AD7A,); };
2B23A31EEC75B029432F2445 = { isa = XCBuildConfiguration; buildSettings = { SDKROOT = iphoneos; CLANG_ENABLE_MODULES = YES; CLANG_ENABLE_OBJC_ARC = YES; }; name = Debug; };
31823F6982002E08AA69176C = { isa = PBXFileReference; lastKnownFileType = sourcecode.swift; path = "StayWebTests/BrowserTests.swift"; sourceTree = SOURCE_ROOT; };
32D6FFA223A4C431BF75BB6F = { isa = XCConfigurationList; buildConfigurations = (5FB6E627FA2A8A72BEE64776, 5FA889D54203FD458BCB8ADC,); defaultConfigurationIsVisible = 0; defaultConfigurationName = Release; };
33FAB09062785F6023D5BEC8 = { isa = PBXResourcesBuildPhase; buildActionMask = 2147483647; files = (); runOnlyForDeploymentPostprocessing = 0; };
34D3960DD8EE79C123145A53 = { isa = PBXBuildFile; fileRef = ADBD8950C6AC6A7B5E88EB92; };
3D15C7D880E83B1A69FDF94F = { isa = PBXBuildFile; fileRef = B32D81048E1A64DE4E9CDE9B; };
4CCF6DE1926EC96F9EB56143 = { isa = XCBuildConfiguration; buildSettings = { PRODUCT_NAME = "$(TARGET_NAME)"; PRODUCT_BUNDLE_IDENTIFIER = "com.example.stayweb.tests"; GENERATE_INFOPLIST_FILE = "YES"; IPHONEOS_DEPLOYMENT_TARGET = "16.0"; SWIFT_VERSION = "5.0"; TARGETED_DEVICE_FAMILY = "1,2"; SUPPORTED_PLATFORMS = "iphoneos iphonesimulator"; SUPPORTS_MACCATALYST = "NO"; CODE_SIGN_STYLE = "Automatic"; CURRENT_PROJECT_VERSION = "1"; MARKETING_VERSION = "0.1.0"; SWIFT_OPTIMIZATION_LEVEL = "-Onone"; DEBUG_INFORMATION_FORMAT = "dwarf"; ENABLE_TESTABILITY = "YES"; SWIFT_ACTIVE_COMPILATION_CONDITIONS = "DEBUG"; TEST_HOST = "$(BUILT_PRODUCTS_DIR)/StayWeb.app/$(BUNDLE_EXECUTABLE_FOLDER_PATH)/StayWeb"; BUNDLE_LOADER = "$(TEST_HOST)"; }; name = Debug; };
4D48EEBABAF1F829A324B91F = { isa = PBXSourcesBuildPhase; buildActionMask = 2147483647; files = (34D3960DD8EE79C123145A53, 78D8CE851B0095B85C6E80DB, CF57CE86656D39300DC5C228, F0BBB0909D14A2D9B1E163A5,); runOnlyForDeploymentPostprocessing = 0; };
5CC0D122D46868950F270256 = { isa = PBXContainerItemProxy; containerPortal = 244210E48437B6556980A702; proxyType = 1; remoteGlobalIDString = F901A9C515053C3C3952E89E; remoteInfo = StayWeb; };
5FA889D54203FD458BCB8ADC = { isa = XCBuildConfiguration; buildSettings = { PRODUCT_NAME = "$(TARGET_NAME)"; PRODUCT_BUNDLE_IDENTIFIER = "com.example.stayweb"; GENERATE_INFOPLIST_FILE = "YES"; IPHONEOS_DEPLOYMENT_TARGET = "16.0"; SWIFT_VERSION = "5.0"; TARGETED_DEVICE_FAMILY = "1,2"; SUPPORTED_PLATFORMS = "iphoneos iphonesimulator"; SUPPORTS_MACCATALYST = "NO"; CODE_SIGN_STYLE = "Automatic"; CURRENT_PROJECT_VERSION = "1"; MARKETING_VERSION = "0.1.0"; SWIFT_OPTIMIZATION_LEVEL = "-O"; DEBUG_INFORMATION_FORMAT = "dwarf-with-dsym"; ENABLE_TESTABILITY = "NO"; SWIFT_ACTIVE_COMPILATION_CONDITIONS = ""; INFOPLIST_KEY_CFBundleDisplayName = "StayWeb"; INFOPLIST_KEY_LSApplicationCategoryType = "public.app-category.utilities"; INFOPLIST_KEY_UILaunchScreen_Generation = "YES"; INFOPLIST_KEY_UIApplicationSceneManifest_Generation = "YES"; INFOPLIST_KEY_UISupportedInterfaceOrientations_iPhone = "UIInterfaceOrientationPortrait UIInterfaceOrientationLandscapeLeft UIInterfaceOrientationLandscapeRight"; INFOPLIST_KEY_UISupportedInterfaceOrientations_iPad = "UIInterfaceOrientationPortrait UIInterfaceOrientationPortraitUpsideDown UIInterfaceOrientationLandscapeLeft UIInterfaceOrientationLandscapeRight"; LD_RUNPATH_SEARCH_PATHS = "$(inherited) @executable_path/Frameworks"; }; name = Release; };
5FB6E627FA2A8A72BEE64776 = { isa = XCBuildConfiguration; buildSettings = { PRODUCT_NAME = "$(TARGET_NAME)"; PRODUCT_BUNDLE_IDENTIFIER = "com.example.stayweb"; GENERATE_INFOPLIST_FILE = "YES"; IPHONEOS_DEPLOYMENT_TARGET = "16.0"; SWIFT_VERSION = "5.0"; TARGETED_DEVICE_FAMILY = "1,2"; SUPPORTED_PLATFORMS = "iphoneos iphonesimulator"; SUPPORTS_MACCATALYST = "NO"; CODE_SIGN_STYLE = "Automatic"; CURRENT_PROJECT_VERSION = "1"; MARKETING_VERSION = "0.1.0"; SWIFT_OPTIMIZATION_LEVEL = "-Onone"; DEBUG_INFORMATION_FORMAT = "dwarf"; ENABLE_TESTABILITY = "YES"; SWIFT_ACTIVE_COMPILATION_CONDITIONS = "DEBUG"; INFOPLIST_KEY_CFBundleDisplayName = "StayWeb"; INFOPLIST_KEY_LSApplicationCategoryType = "public.app-category.utilities"; INFOPLIST_KEY_UILaunchScreen_Generation = "YES"; INFOPLIST_KEY_UIApplicationSceneManifest_Generation = "YES"; INFOPLIST_KEY_UISupportedInterfaceOrientations_iPhone = "UIInterfaceOrientationPortrait UIInterfaceOrientationLandscapeLeft UIInterfaceOrientationLandscapeRight"; INFOPLIST_KEY_UISupportedInterfaceOrientations_iPad = "UIInterfaceOrientationPortrait UIInterfaceOrientationPortraitUpsideDown UIInterfaceOrientationLandscapeLeft UIInterfaceOrientationLandscapeRight"; LD_RUNPATH_SEARCH_PATHS = "$(inherited) @executable_path/Frameworks"; }; name = Debug; };
68B62ED82A4EF8E7F7B3CB8D = { isa = PBXFileReference; lastKnownFileType = text.xml; path = "StayWeb/Resources/PrivacyInfo.xcprivacy"; sourceTree = SOURCE_ROOT; };
78D8CE851B0095B85C6E80DB = { isa = PBXBuildFile; fileRef = 193C3BFE701ED407B93ACDE2; };
7F267542B463BFAE4D95AD7A = { isa = PBXNativeTarget; buildConfigurationList = 86528062EF9EF55DCFC807A2; buildPhases = (15A67AE582784D029FF46BB6, 33FAB09062785F6023D5BEC8, BB9D2A2694B65A6D82FCC7E1,); buildRules = (); dependencies = (8A772DF779B74C618A65920B,); name = StayWebTests; productName = StayWebTests; productReference = F1515FD9ED9050E9D02183BB; productType = "com.apple.product-type.bundle.unit-test"; };
86528062EF9EF55DCFC807A2 = { isa = XCConfigurationList; buildConfigurations = (4CCF6DE1926EC96F9EB56143, C5F89736D4CE2268E93BC8CF,); defaultConfigurationIsVisible = 0; defaultConfigurationName = Release; };
8A772DF779B74C618A65920B = { isa = PBXTargetDependency; target = F901A9C515053C3C3952E89E; targetProxy = 5CC0D122D46868950F270256; };
8F330214D780B99638F3B9E8 = { isa = PBXFileReference; explicitFileType = wrapper.application; includeInIndex = 0; path = StayWeb.app; sourceTree = BUILT_PRODUCTS_DIR; };
A91168D6791CB08ED4AC5D68 = { isa = PBXFileReference; lastKnownFileType = sourcecode.swift; path = "StayWeb/StayWebApp.swift"; sourceTree = SOURCE_ROOT; };
ADBD8950C6AC6A7B5E88EB92 = { isa = PBXFileReference; lastKnownFileType = sourcecode.swift; path = "StayWeb/BrowserModel.swift"; sourceTree = SOURCE_ROOT; };
B32D81048E1A64DE4E9CDE9B = { isa = PBXFileReference; lastKnownFileType = text.json; path = "StayWeb/Resources/blocker.json"; sourceTree = SOURCE_ROOT; };
B6F58D93BFD57467F1A236ED = { isa = PBXBuildFile; fileRef = 31823F6982002E08AA69176C; };
BB9D2A2694B65A6D82FCC7E1 = { isa = PBXFrameworksBuildPhase; buildActionMask = 2147483647; files = (); runOnlyForDeploymentPostprocessing = 0; };
C5F89736D4CE2268E93BC8CF = { isa = XCBuildConfiguration; buildSettings = { PRODUCT_NAME = "$(TARGET_NAME)"; PRODUCT_BUNDLE_IDENTIFIER = "com.example.stayweb.tests"; GENERATE_INFOPLIST_FILE = "YES"; IPHONEOS_DEPLOYMENT_TARGET = "16.0"; SWIFT_VERSION = "5.0"; TARGETED_DEVICE_FAMILY = "1,2"; SUPPORTED_PLATFORMS = "iphoneos iphonesimulator"; SUPPORTS_MACCATALYST = "NO"; CODE_SIGN_STYLE = "Automatic"; CURRENT_PROJECT_VERSION = "1"; MARKETING_VERSION = "0.1.0"; SWIFT_OPTIMIZATION_LEVEL = "-O"; DEBUG_INFORMATION_FORMAT = "dwarf-with-dsym"; ENABLE_TESTABILITY = "NO"; SWIFT_ACTIVE_COMPILATION_CONDITIONS = ""; TEST_HOST = "$(BUILT_PRODUCTS_DIR)/StayWeb.app/$(BUNDLE_EXECUTABLE_FOLDER_PATH)/StayWeb"; BUNDLE_LOADER = "$(TEST_HOST)"; }; name = Release; };
CF57CE86656D39300DC5C228 = { isa = PBXBuildFile; fileRef = FBEC6E20DD587BCC053DCD7D; };
DB9FF29243D6D004CA5F8ED1 = { isa = PBXGroup; children = (ADBD8950C6AC6A7B5E88EB92, 193C3BFE701ED407B93ACDE2, FBEC6E20DD587BCC053DCD7D, 68B62ED82A4EF8E7F7B3CB8D, B32D81048E1A64DE4E9CDE9B, A91168D6791CB08ED4AC5D68,); name = "StayWeb"; sourceTree = "<group>"; };
F0BBB0909D14A2D9B1E163A5 = { isa = PBXBuildFile; fileRef = A91168D6791CB08ED4AC5D68; };
F1515FD9ED9050E9D02183BB = { isa = PBXFileReference; explicitFileType = wrapper.cfbundle; includeInIndex = 0; path = StayWebTests.xctest; sourceTree = BUILT_PRODUCTS_DIR; };
F901A9C515053C3C3952E89E = { isa = PBXNativeTarget; buildConfigurationList = 32D6FFA223A4C431BF75BB6F; buildPhases = (4D48EEBABAF1F829A324B91F, 1E366BDE35DC75686B6F182A, 17C62F9FDF300A54C44FD926,); buildRules = (); dependencies = (); name = StayWeb; productName = StayWeb; productReference = 8F330214D780B99638F3B9E8; productType = "com.apple.product-type.application"; };
F905B102B4F13BD6617D8EB3 = { isa = XCConfigurationList; buildConfigurations = (2B23A31EEC75B029432F2445, 07CA1E69F6068DEA30A4DA6B,); defaultConfigurationIsVisible = 0; defaultConfigurationName = Release; };
FBEC6E20DD587BCC053DCD7D = { isa = PBXFileReference; lastKnownFileType = sourcecode.swift; path = "StayWeb/BrowserView.swift"; sourceTree = SOURCE_ROOT; };
};
rootObject = 244210E48437B6556980A702;
}
